
Microsoft Visual Studio Solution File, Format Version 12.00
# Visual Studio Version 16
VisualStudioVersion = 16.0.29306.81
MinimumVisualStudioVersion = 10.0.40219.1
Project("{FAE04EC0-301F-11D3-BF4B-00C04F79EFBC}") = "17.10.19", "17.10.19\17.10.19.csproj", "{5E54AD42-0B15-493A-8051-688341C3E71B}"
EndProject
Global
	GlobalSection(SolutionConfigurationPlatforms) = preSolution
		Debug|Any CPU = Debug|Any CPU
		Release|Any CPU = Release|Any CPU
	EndGlobalSection
	GlobalSection(ProjectConfigurationPlatforms) = postSolution
		{5E54AD42-0B15-493A-8051-688341C3E71B}.Debug|Any CPU.ActiveCfg = Debug|Any CPU
		{5E54AD42-0B15-493A-8051-688341C3E71B}.Debug|Any CPU.Build.0 = Debug|Any CPU
		{5E54AD42-0B15-493A-8051-688341C3E71B}.Release|Any CPU.ActiveCfg = Release|Any CPU
		{5E54AD42-0B15-493A-8051-688341C3E71B}.Release|Any CPU.Build.0 = Release|Any CPU
	EndGlobalSection
	GlobalSection(SolutionProperties) = preSolution
		HideSolutionNode = FALSE
	EndGlobalSection
	GlobalSection(ExtensibilityGlobals) = postSolution
		SolutionGuid = {C3FB71E2-10F4-4739-81AC-32E5656BD159}
	EndGlobalSection
EndGlobal
